// !$*UTF8*$!
{
	archiveVersion = 1;
	classes = {
	};
	objectVersion = 46;
	objects = {

/* Begin PBXBuildFile section */
		7EE05EAA18AC0C81001D9DA3 /* Foundation.framework in Frameworks */ = {isa = PBXBuildFile; fileRef = 7EE05EA918AC0C81001D9DA3 /* Foundation.framework */; };
		7EE05EAC18AC0C81001D9DA3 /* CoreGraphics.framework in Frameworks */ = {isa = PBXBuildFile; fileRef = 7EE05EAB18AC0C81001D9DA3 /* CoreGraphics.framework */; };
		7EE05EAE18AC0C81001D9DA3 /* UIKit.framework in Frameworks */ = {isa = PBXBuildFile; fileRef = 7EE05EAD18AC0C81001D9DA3 /* UIKit.framework */; };
		7EE05EB418AC0C81001D9DA3 /* InfoPlist.strings in Resources */ = {isa = PBXBuildFile; fileRef = 7EE05EB218AC0C81001D9DA3 /* InfoPlist.strings */; };
		7EE05EB618AC0C81001D9DA3 /* main.m in Sources */ = {isa = PBXBuildFile; fileRef = 7EE05EB518AC0C81001D9DA3 /* main.m */; };
		7EE05EBA18AC0C81001D9DA3 /* STPAppDelegate.m in Sources */ = {isa = PBXBuildFile; fileRef = 7EE05EB918AC0C81001D9DA3 /* STPAppDelegate.m */; };
		7EE05EBD18AC0C81001D9DA3 /* Main.storyboard in Resources */ = {isa = PBXBuildFile; fileRef = 7EE05EBB18AC0C81001D9DA3 /* Main.storyboard */; };
		7EE05EC018AC0C81001D9DA3 /* STPViewController.m in Sources */ = {isa = PBXBuildFile; fileRef = 7EE05EBF18AC0C81001D9DA3 /* STPViewController.m */; };
		7EE05EC218AC0C81001D9DA3 /* Images.xcassets in Resources */ = {isa = PBXBuildFile; fileRef = 7EE05EC118AC0C81001D9DA3 /* Images.xcassets */; };
		7EE05EC918AC0C81001D9DA3 /* XCTest.framework in Frameworks */ = {isa = PBXBuildFile; fileRef = 7EE05EC818AC0C81001D9DA3 /* XCTest.framework */; };
		7EE05ECA18AC0C81001D9DA3 /* Foundation.framework in Frameworks */ = {isa = PBXBuildFile; fileRef = 7EE05EA918AC0C81001D9DA3 /* Foundation.framework */; };
		7EE05ECB18AC0C81001D9DA3 /* UIKit.framework in Frameworks */ = {isa = PBXBuildFile; fileRef = 7EE05EAD18AC0C81001D9DA3 /* UIKit.framework */; };
		7EE05ED318AC0C81001D9DA3 /* InfoPlist.strings in Resources */ = {isa = PBXBuildFile; fileRef = 7EE05ED118AC0C81001D9DA3 /* InfoPlist.strings */; };
		7EE05ED518AC0C81001D9DA3 /* SMART_Three_PhaseTests.m in Sources */ = {isa = PBXBuildFile; fileRef = 7EE05ED418AC0C81001D9DA3 /* SMART_Three_PhaseTests.m */; };
/* End PBXBuildFile section */

/* Begin PBXContainerItemProxy section */
		7EE05ECC18AC0C81001D9DA3 /* PBXContainerItemProxy */ = {
			isa = PBXContainerItemProxy;
			containerPortal = 7EE05E9E18AC0C80001D9DA3 /* Project object */;
			proxyType = 1;
			remoteGlobalIDString = 7EE05EA518AC0C81001D9DA3;
			remoteInfo = "SMART Three Phase";
		};
/* End PBXContainerItemProxy section */

/* Begin PBXFileReference section */
		7EE05EA618AC0C81001D9DA3 /* SMART Three Phase.app */ = {isa = PBXFileReference; explicitFileType = wrapper.application; includeInIndex = 0; path = "SMART Three Phase.app"; sourceTree = BUILT_PRODUCTS_DIR; };
		7EE05EA918AC0C81001D9DA3 /* Foundation.framework */ = {isa = PBXFileReference; lastKnownFileType = wrapper.framework; name = Foundation.framework; path = System/Library/Frameworks/Foundation.framework; sourceTree = SDKROOT; };
		7EE05EAB18AC0C81001D9DA3 /* CoreGraphics.framework */ = {isa = PBXFileReference; lastKnownFileType = wrapper.framework; name = CoreGraphics.framework; path = System/Library/Frameworks/CoreGraphics.framework; sourceTree = SDKROOT; };
		7EE05EAD18AC0C81001D9DA3 /* UIKit.framework */ = {isa = PBXFileReference; lastKnownFileType = wrapper.framework; name = UIKit.framework; path = System/Library/Frameworks/UIKit.framework; sourceTree = SDKROOT; };
		7EE05EB118AC0C81001D9DA3 /* SMART Three Phase-Info.plist */ = {isa = PBXFileReference; lastKnownFileType = text.plist.xml; path = "SMART Three Phase-Info.plist"; sourceTree = "<group>"; };
		7EE05EB318AC0C81001D9DA3 /* en */ = {isa = PBXFileReference; lastKnownFileType = text.plist.strings; name = en; path = en.lproj/InfoPlist.strings; sourceTree = "<group>"; };
		7EE05EB518AC0C81001D9DA3 /* main.m */ = {isa = PBXFileReference; lastKnownFileType = sourcecode.c.objc; path = main.m; sourceTree = "<group>"; };
		7EE05EB718AC0C81001D9DA3 /* SMART Three Phase-Prefix.pch */ = {isa = PBXFileReference; lastKnownFileType = sourcecode.c.h; path = "SMART Three Phase-Prefix.pch"; sourceTree = "<group>"; };
		7EE05EB818AC0C81001D9DA3 /* STPAppDelegate.h */ = {isa = PBXFileReference; lastKnownFileType = sourcecode.c.h; path = STPAppDelegate.h; sourceTree = "<group>"; };
		7EE05EB918AC0C81001D9DA3 /* STPAppDelegate.m */ = {isa = PBXFileReference; lastKnownFileType = sourcecode.c.objc; path = STPAppDelegate.m; sourceTree = "<group>"; };
		7EE05EBC18AC0C81001D9DA3 /* Base */ = {isa = PBXFileReference; lastKnownFileType = file.storyboard; name = Base; path = Base.lproj/Main.storyboard; sourceTree = "<group>"; };
		7EE05EBE18AC0C81001D9DA3 /* STPViewController.h */ = {isa = PBXFileReference; lastKnownFileType = sourcecode.c.h; path = STPViewController.h; sourceTree = "<group>"; };
		7EE05EBF18AC0C81001D9DA3 /* STPViewController.m */ = {isa = PBXFileReference; lastKnownFileType = sourcecode.c.objc; path = STPViewController.m; sourceTree = "<group>"; };
		7EE05EC118AC0C81001D9DA3 /* Images.xcassets */ = {isa = PBXFileReference; lastKnownFileType = folder.assetcatalog; path = Images.xcassets; sourceTree = "<group>"; };
		7EE05EC718AC0C81001D9DA3 /* SMART Three PhaseTests.xctest */ = {isa = PBXFileReference; explicitFileType = wrapper.cfbundle; includeInIndex = 0; path = "SMART Three PhaseTests.xctest"; sourceTree = BUILT_PRODUCTS_DIR; };
		7EE05EC818AC0C81001D9DA3 /* XCTest.framework */ = {isa = PBXFileReference; lastKnownFileType = wrapper.framework; name = XCTest.framework; path = Library/Frameworks/XCTest.framework; sourceTree = DEVELOPER_DIR; };
		7EE05ED018AC0C81001D9DA3 /* SMART Three PhaseTests-Info.plist */ = {isa = PBXFileReference; lastKnownFileType = text.plist.xml; path = "SMART Three PhaseTests-Info.plist"; sourceTree = "<group>"; };
		7EE05ED218AC0C81001D9DA3 /* en */ = {isa = PBXFileReference; lastKnownFileType = text.plist.strings; name = en; path = en.lproj/InfoPlist.strings; sourceTree = "<group>"; };
		7EE05ED418AC0C81001D9DA3 /* SMART_Three_PhaseTests.m */ = {isa = PBXFileReference; lastKnownFileType = sourcecode.c.objc; path = SMART_Three_PhaseTests.m; sourceTree = "<group>"; };
/* End PBXFileReference section */

/* Begin PBXFrameworksBuildPhase section */
		7EE05EA318AC0C81001D9DA3 /* Frameworks */ = {
			isa = PBXFrameworksBuildPhase;
			buildActionMask = 2147483647;
			files = (
				7EE05EAC18AC0C81001D9DA3 /* CoreGraphics.framework in Frameworks */,
				7EE05EAE18AC0C81001D9DA3 /* UIKit.framework in Frameworks */,
				7EE05EAA18AC0C81001D9DA3 /* Foundation.framework in Frameworks */,
			);
			runOnlyForDeploymentPostprocessing = 0;
		};
		7EE05EC418AC0C81001D9DA3 /* Frameworks */ = {
			isa = PBXFrameworksBuildPhase;
			buildActionMask = 2147483647;
			files = (
				7EE05EC918AC0C81001D9DA3 /* XCTest.framework in Frameworks */,
				7EE05ECB18AC0C81001D9DA3 /* UIKit.framework in Frameworks */,
				7EE05ECA18AC0C81001D9DA3 /* Foundation.framework in Frameworks */,
			);
			runOnlyForDeploymentPostprocessing = 0;
		};
/* End PBXFrameworksBuildPhase section */

/* Begin PBXGroup section */
		7EE05E9D18AC0C80001D9DA3 = {
			isa = PBXGroup;
			children = (
				7EE05EAF18AC0C81001D9DA3 /* SMART Three Phase */,
				7EE05ECE18AC0C81001D9DA3 /* SMART Three PhaseTests */,
				7EE05EA818AC0C81001D9DA3 /* Frameworks */,
				7EE05EA718AC0C81001D9DA3 /* Products */,
			);
			sourceTree = "<group>";
		};
		7EE05EA718AC0C81001D9DA3 /* Products */ = {
			isa = PBXGroup;
			children = (
				7EE05EA618AC0C81001D9DA3 /* SMART Three Phase.app */,
				7EE05EC718AC0C81001D9DA3 /* SMART Three PhaseTests.xctest */,
			);
			name = Products;
			sourceTree = "<group>";
		};
		7EE05EA818AC0C81001D9DA3 /* Frameworks */ = {
			isa = PBXGroup;
			children = (
				7EE05EA918AC0C81001D9DA3 /* Foundation.framework */,
				7EE05EAB18AC0C81001D9DA3 /* CoreGraphics.framework */,
				7EE05EAD18AC0C81001D9DA3 /* UIKit.framework */,
				7EE05EC818AC0C81001D9DA3 /* XCTest.framework */,
			);
			name = Frameworks;
			sourceTree = "<group>";
		};
		7EE05EAF18AC0C81001D9DA3 /* SMART Three Phase */ = {
			isa = PBXGroup;
			children = (
				7EE05EB818AC0C81001D9DA3 /* STPAppDelegate.h */,
				7EE05EB918AC0C81001D9DA3 /* STPAppDelegate.m */,
				7EE05EBB18AC0C81001D9DA3 /* Main.storyboard */,
				7EE05EBE18AC0C81001D9DA3 /* STPViewController.h */,
				7EE05EBF18AC0C81001D9DA3 /* STPViewController.m */,
				7EE05EC118AC0C81001D9DA3 /* Images.xcassets */,
				7EE05EB018AC0C81001D9DA3 /* Supporting Files */,
			);
			path = "SMART Three Phase";
			sourceTree = "<group>";
		};
		7EE05EB018AC0C81001D9DA3 /* Supporting Files */ = {
			isa = PBXGroup;
			children = (
				7EE05EB118AC0C81001D9DA3 /* SMART Three Phase-Info.plist */,
				7EE05EB218AC0C81001D9DA3 /* InfoPlist.strings */,
				7EE05EB518AC0C81001D9DA3 /* main.m */,
				7EE05EB718AC0C81001D9DA3 /* SMART Three Phase-Prefix.pch */,
			);
			name = "Supporting Files";
			sourceTree = "<group>";
		};
		7EE05ECE18AC0C81001D9DA3 /* SMART Three PhaseTests */ = {
			isa = PBXGroup;
			children = (
				7EE05ED418AC0C81001D9DA3 /* SMART_Three_PhaseTests.m */,
				7EE05ECF18AC0C81001D9DA3 /* Supporting Files */,
			);
			path = "SMART Three PhaseTests";
			sourceTree = "<group>";
		};
		7EE05ECF18AC0C81001D9DA3 /* Supporting Files */ = {
			isa = PBXGroup;
			children = (
				7EE05ED018AC0C81001D9DA3 /* SMART Three PhaseTests-Info.plist */,
				7EE05ED118AC0C81001D9DA3 /* InfoPlist.strings */,
			);
			name = "Supporting Files";
			sourceTree = "<group>";
		};
/* End PBXGroup section */

/* Begin PBXNativeTarget section */
		7EE05EA518AC0C81001D9DA3 /* SMART Three Phase */ = {
			isa = PBXNativeTarget;
			buildConfigurationList = 7EE05ED818AC0C81001D9DA3 /* Build configuration list for PBXNativeTarget "SMART Three Phase" */;
			buildPhases = (
				7EE05EA218AC0C81001D9DA3 /* Sources */,
				7EE05EA318AC0C81001D9DA3 /* Frameworks */,
				7EE05EA418AC0C81001D9DA3 /* Resources */,
			);
			buildRules = (
			);
			dependencies = (
			);
			name = "SMART Three Phase";
			productName = "SMART Three Phase";
			productReference = 7EE05EA618AC0C81001D9DA3 /* SMART Three Phase.app */;
			productType = "com.apple.product-type.application";
		};
		7EE05EC618AC0C81001D9DA3 /* SMART Three PhaseTests */ = {
			isa = PBXNativeTarget;
			buildConfigurationList = 7EE05EDB18AC0C81001D9DA3 /* Build configuration list for PBXNativeTarget "SMART Three PhaseTests" */;
			buildPhases = (
				7EE05EC318AC0C81001D9DA3 /* Sources */,
				7EE05EC418AC0C81001D9DA3 /* Frameworks */,
				7EE05EC518AC0C81001D9DA3 /* Resources */,
			);
			buildRules = (
			);
			dependencies = (
				7EE05ECD18AC0C81001D9DA3 /* PBXTargetDependency */,
			);
			name = "SMART Three PhaseTests";
			productName = "SMART Three PhaseTests";
			productReference = 7EE05EC718AC0C81001D9DA3 /* SMART Three PhaseTests.xctest */;
			productType = "com.apple.product-type.bundle.unit-test";
		};
/* End PBXNativeTarget section */

/* Begin PBXProject section */
		7EE05E9E18AC0C80001D9DA3 /* Project object */ = {
			isa = PBXProject;
			attributes = {
				CLASSPREFIX = STP;
				LastUpgradeCheck = 0500;
				ORGANIZATIONNAME = "Dave Hand";
				TargetAttributes = {
					7EE05EC618AC0C81001D9DA3 = {
						TestTargetID = 7EE05EA518AC0C81001D9DA3;
					};
				};
			};
			buildConfigurationList = 7EE05EA118AC0C80001D9DA3 /* Build configuration list for PBXProject "SMART Three Phase" */;
			compatibilityVersion = "Xcode 3.2";
			developmentRegion = English;
			hasScannedForEncodings = 0;
			knownRegions = (
				en,
				Base,
			);
			mainGroup = 7EE05E9D18AC0C80001D9DA3;
			productRefGroup = 7EE05EA718AC0C81001D9DA3 /* Products */;
			projectDirPath = "";
			projectRoot = "";
			targets = (
				7EE05EA518AC0C81001D9DA3 /* SMART Three Phase */,
				7EE05EC618AC0C81001D9DA3 /* SMART Three PhaseTests */,
			);
		};
/* End PBXProject section */

/* Begin PBXResourcesBuildPhase section */
		7EE05EA418AC0C81001D9DA3 /* Resources */ = {
			isa = PBXResourcesBuildPhase;
			buildActionMask = 2147483647;
			files = (
				7EE05EC218AC0C81001D9DA3 /* Images.xcassets in Resources */,
				7EE05EB418AC0C81001D9DA3 /* InfoPlist.strings in Resources */,
				7EE05EBD18AC0C81001D9DA3 /* Main.storyboard in Resources */,
			);
			runOnlyForDeploymentPostprocessing = 0;
		};
		7EE05EC518AC0C81001D9DA3 /* Resources */ = {
			isa = PBXResourcesBuildPhase;
			buildActionMask = 2147483647;
			files = (
				7EE05ED318AC0C81001D9DA3 /* InfoPlist.strings in Resources */,
			);
			runOnlyForDeploymentPostprocessing = 0;
		};
/* End PBXResourcesBuildPhase section */

/* Begin PBXSourcesBuildPhase section */
		7EE05EA218AC0C81001D9DA3 /* Sources */ = {
			isa = PBXSourcesBuildPhase;
			buildActionMask = 2147483647;
			files = (
				7EE05EBA18AC0C81001D9DA3 /* STPAppDelegate.m in Sources */,
				7EE05EB618AC0C81001D9DA3 /* main.m in Sources */,
				7EE05EC018AC0C81001D9DA3 /* STPViewController.m in Sources */,
			);
			runOnlyForDeploymentPostprocessing = 0;
		};
		7EE05EC318AC0C81001D9DA3 /* Sources */ = {
			isa = PBXSourcesBuildPhase;
			buildActionMask = 2147483647;
			files = (
				7EE05ED518AC0C81001D9DA3 /* SMART_Three_PhaseTests.m in Sources */,
			);
			runOnlyForDeploymentPostprocessing = 0;
		};
/* End PBXSourcesBuildPhase section */

/* Begin PBXTargetDependency section */
		7EE05ECD18AC0C81001D9DA3 /* PBXTargetDependency */ = {
			isa = PBXTargetDependency;
			target = 7EE05EA518AC0C81001D9DA3 /* SMART Three Phase */;
			targetProxy = 7EE05ECC18AC0C81001D9DA3 /* PBXContainerItemProxy */;
		};
/* End PBXTargetDependency section */

/* Begin PBXVariantGroup section */
		7EE05EB218AC0C81001D9DA3 /* InfoPlist.strings */ = {
			isa = PBXVariantGroup;
			children = (
				7EE05EB318AC0C81001D9DA3 /* en */,
			);
			name = InfoPlist.strings;
			sourceTree = "<group>";
		};
		7EE05EBB18AC0C81001D9DA3 /* Main.storyboard */ = {
			isa = PBXVariantGroup;
			children = (
				7EE05EBC18AC0C81001D9DA3 /* Base */,
			);
			name = Main.storyboard;
			sourceTree = "<group>";
		};
		7EE05ED118AC0C81001D9DA3 /* InfoPlist.strings */ = {
			isa = PBXVariantGroup;
			children = (
				7EE05ED218AC0C81001D9DA3 /* en */,
			);
			name = InfoPlist.strings;
			sourceTree = "<group>";
		};
/* End PBXVariantGroup section */

/* Begin XCBuildConfiguration section */
		7EE05ED618AC0C81001D9DA3 /* Debug */ = {
			isa = XCBuildConfiguration;
			buildSettings = {
				ALWAYS_SEARCH_USER_PATHS = NO;
				ARCHS = "$(ARCHS_STANDARD_INCLUDING_64_BIT)";
				CLANG_CXX_LANGUAGE_STANDARD = "gnu++0x";
				CLANG_CXX_LIBRARY = "libc++";
				CLANG_ENABLE_MODULES = YES;
				CLANG_ENABLE_OBJC_ARC = YES;
				CLANG_WARN_BOOL_CONVERSION = YES;
				CLANG_WARN_CONSTANT_CONVERSION = YES;
				CLANG_WARN_DIRECT_OBJC_ISA_USAGE = YES_ERROR;
				CLANG_WARN_EMPTY_BODY = YES;
				CLANG_WARN_ENUM_CONVERSION = YES;
				CLANG_WARN_INT_CONVERSION = YES;
				CLANG_WARN_OBJC_ROOT_CLASS = YES_ERROR;
				CLANG_WARN__DUPLICATE_METHOD_MATCH = YES;
				"CODE_SIGN_IDENTITY[sdk=iphoneos*]" = "iPhone Developer";
				COPY_PHASE_STRIP = NO;
				GCC_C_LANGUAGE_STANDARD = gnu99;
				GCC_DYNAMIC_NO_PIC = NO;
				GCC_OPTIMIZATION_LEVEL = 0;
				GCC_PREPROCESSOR_DEFINITIONS = (
					"DEBUG=1",
					"$(inherited)",
				);
				GCC_SYMBOLS_PRIVATE_EXTERN = NO;
				GCC_WARN_64_TO_32_BIT_CONVERSION = YES;
				GCC_WARN_ABOUT_RETURN_TYPE = YES_ERROR;
				GCC_WARN_UNDECLARED_SELECTOR = YES;
				GCC_WARN_UNINITIALIZED_AUTOS = YES;
				GCC_WARN_UNUSED_FUNCTION = YES;
				GCC_WARN_UNUSED_VARIABLE = YES;
				IPHONEOS_DEPLOYMENT_TARGET = 7.0;
				ONLY_ACTIVE_ARCH = YES;
				SDKROOT = iphoneos;
			};
			name = Debug;
		};
		7EE05ED718AC0C81001D9DA3 /* Release */ = {
			isa = XCBuildConfiguration;
			buildSettings = {
				ALWAYS_SEARCH_USER_PATHS = NO;
				ARCHS = "$(ARCHS_STANDARD_INCLUDING_64_BIT)";
				CLANG_CXX_LANGUAGE_STANDARD = "gnu++0x";
				CLANG_CXX_LIBRARY = "libc++";
				CLANG_ENABLE_MODULES = YES;
				CLANG_ENABLE_OBJC_ARC = YES;
				CLANG_WARN_BOOL_CONVERSION = YES;
				CLANG_WARN_CONSTANT_CONVERSION = YES;
				CLANG_WARN_DIRECT_OBJC_ISA_USAGE = YES_ERROR;
				CLANG_WARN_EMPTY_BODY = YES;
				CLANG_WARN_ENUM_CONVERSION = YES;
				CLANG_WARN_INT_CONVERSION = YES;
				CLANG_WARN_OBJC_ROOT_CLASS = YES_ERROR;
				CLANG_WARN__DUPLICATE_METHOD_MATCH = YES;
				"CODE_SIGN_IDENTITY[sdk=iphoneos*]" = "iPhone Developer";
				COPY_PHASE_STRIP = YES;
				ENABLE_NS_ASSERTIONS = NO;
				GCC_C_LANGUAGE_STANDARD = gnu99;
				GCC_WARN_64_TO_32_BIT_CONVERSION = YES;
				GCC_WARN_ABOUT_RETURN_TYPE = YES_ERROR;
				GCC_WARN_UNDECLARED_SELECTOR = YES;
				GCC_WARN_UNINITIALIZED_AUTOS = YES;
				GCC_WARN_UNUSED_FUNCTION = YES;
				GCC_WARN_UNUSED_VARIABLE = YES;
				IPHONEOS_DEPLOYMENT_TARGET = 7.0;
				SDKROOT = iphoneos;
				VALIDATE_PRODUCT = YES;
			};
			name = Release;
		};
		7EE05ED918AC0C81001D9DA3 /* Debug */ = {
			isa = XCBuildConfiguration;
			buildSettings = {
				ASSETCATALOG_COMPILER_APPICON_NAME = AppIcon;
				ASSETCATALOG_COMPILER_LAUNCHIMAGE_NAME = LaunchImage;
				GCC_PRECOMPILE_PREFIX_HEADER = YES;
				GCC_PREFIX_HEADER = "SMART Three Phase/SMART Three Phase-Prefix.pch";
				INFOPLIST_FILE = "SMART Three Phase/SMART Three Phase-Info.plist";
				PRODUCT_NAME = "$(TARGET_NAME)";
				WRAPPER_EXTENSION = app;
			};
			name = Debug;
		};
		7EE05EDA18AC0C81001D9DA3 /* Release */ = {
			isa = XCBuildConfiguration;
			buildSettings = {
				ASSETCATALOG_COMPILER_APPICON_NAME = AppIcon;
				ASSETCATALOG_COMPILER_LAUNCHIMAGE_NAME = LaunchImage;
				GCC_PRECOMPILE_PREFIX_HEADER = YES;
				GCC_PREFIX_HEADER = "SMART Three Phase/SMART Three Phase-Prefix.pch";
				INFOPLIST_FILE = "SMART Three Phase/SMART Three Phase-Info.plist";
				PRODUCT_NAME = "$(TARGET_NAME)";
				WRAPPER_EXTENSION = app;
			};
			name = Release;
		};
		7EE05EDC18AC0C81001D9DA3 /* Debug */ = {
			isa = XCBuildConfiguration;
			buildSettings = {
				ARCHS = "$(ARCHS_STANDARD_INCLUDING_64_BIT)";
				BUNDLE_LOADER = "$(BUILT_PRODUCTS_DIR)/SMART Three Phase.app/SMART Three Phase";
				FRAMEWORK_SEARCH_PATHS = (
					"$(SDKROOT)/Developer/Library/Frameworks",
					"$(inherited)",
					"$(DEVELOPER_FRAMEWORKS_DIR)",
				);
				GCC_PRECOMPILE_PREFIX_HEADER = YES;
				GCC_PREFIX_HEADER = "SMART Three Phase/SMART Three Phase-Prefix.pch";
				GCC_PREPROCESSOR_DEFINITIONS = (
					"DEBUG=1",
					"$(inherited)",
				);
				INFOPLIST_FILE = "SMART Three PhaseTests/SMART Three PhaseTests-Info.plist";
				PRODUCT_NAME = "$(TARGET_NAME)";
				TEST_HOST = "$(BUNDLE_LOADER)";
				WRAPPER_EXTENSION = xctest;
			};
			name = Debug;
		};
		7EE05EDD18AC0C81001D9DA3 /* Release */ = {
			isa = XCBuildConfiguration;
			buildSettings = {
				ARCHS = "$(ARCHS_STANDARD_INCLUDING_64_BIT)";
				BUNDLE_LOADER = "$(BUILT_PRODUCTS_DIR)/SMART Three Phase.app/SMART Three Phase";
				FRAMEWORK_SEARCH_PATHS = (
					"$(SDKROOT)/Developer/Library/Frameworks",
					"$(inherited)",
					"$(DEVELOPER_FRAMEWORKS_DIR)",
				);
				GCC_PRECOMPILE_PREFIX_HEADER = YES;
				GCC_PREFIX_HEADER = "SMART Three Phase/SMART Three Phase-Prefix.pch";
				INFOPLIST_FILE = "SMART Three PhaseTests/SMART Three PhaseTests-Info.plist";
				PRODUCT_NAME = "$(TARGET_NAME)";
				TEST_HOST = "$(BUNDLE_LOADER)";
				WRAPPER_EXTENSION = xctest;
			};
			name = Release;
		};
/* End XCBuildConfiguration section */

/* Begin XCConfigurationList section */
		7EE05EA118AC0C80001D9DA3 /* Build configuration list for PBXProject "SMART Three Phase" */ = {
			isa = XCConfigurationList;
			buildConfigurations = (
				7EE05ED618AC0C81001D9DA3 /* Debug */,
				7EE05ED718AC0C81001D9DA3 /* Release */,
			);
			defaultConfigurationIsVisible = 0;
			defaultConfigurationName = Release;
		};
		7EE05ED818AC0C81001D9DA3 /* Build configuration list for PBXNativeTarget "SMART Three Phase" */ = {
			isa = XCConfigurationList;
			buildConfigurations = (
				7EE05ED918AC0C81001D9DA3 /* Debug */,
				7EE05EDA18AC0C81001D9DA3 /* Release */,
			);
			defaultConfigurationIsVisible = 0;
		};
		7EE05EDB18AC0C81001D9DA3 /* Build configuration list for PBXNativeTarget "SMART Three PhaseTests" */ = {
			isa = XCConfigurationList;
			buildConfigurations = (
				7EE05EDC18AC0C81001D9DA3 /* Debug */,
				7EE05EDD18AC0C81001D9DA3 /* Release */,
			);
			defaultConfigurationIsVisible = 0;
		};
/* End XCConfigurationList section */
	};
	rootObject = 7EE05E9E18AC0C80001D9DA3 /* Project object */;
}
